
Microsoft Visual Studio Solution File, Format Version 12.00
Project("{FAE04EC0-301F-11D3-BF4B-00C04F79EFBC}") = "SpecFlowProject1", "SpecFlowProject1.csproj", "{D34F1C97-74D1-4BCB-A598-A7206E34E892}"
EndProject
Global
	GlobalSection(SolutionConfigurationPlatforms) = preSolution
		Debug|Any CPU = Debug|Any CPU
		Release|Any CPU = Release|Any CPU
	EndGlobalSection
	GlobalSection(ProjectConfigurationPlatforms) = postSolution
		{D34F1C97-74D1-4BCB-A598-A7206E34E892}.Debug|Any CPU.ActiveCfg = Debug|Any CPU
		{D34F1C97-74D1-4BCB-A598-A7206E34E892}.Debug|Any CPU.Build.0 = Debug|Any CPU
		{D34F1C97-74D1-4BCB-A598-A7206E34E892}.Release|Any CPU.ActiveCfg = Release|Any CPU
		{D34F1C97-74D1-4BCB-A598-A7206E34E892}.Release|Any CPU.Build.0 = Release|Any CPU
	EndGlobalSection
EndGlobal
